// !$*UTF8*$!
{
	archiveVersion = 1;
	classes = {
	};
	objectVersion = 50;
	objects = {

/* Begin PBXBuildFile section */
		4D5E322726DE9099004A7724 /* AppDelegate.swift in Sources */ = {isa = PBXBuildFile; fileRef = 4D5E322626DE9099004A7724 /* AppDelegate.swift */; };
		4D5E322926DE9099004A7724 /* SceneDelegate.swift in Sources */ = {isa = PBXBuildFile; fileRef = 4D5E322826DE9099004A7724 /* SceneDelegate.swift */; };
		4D5E322E26DE9099004A7724 /* Main.storyboard in Resources */ = {isa = PBXBuildFile; fileRef = 4D5E322C26DE9099004A7724 /* Main.storyboard */; };
		4D5E323026DE909B004A7724 /* Assets.xcassets in Resources */ = {isa = PBXBuildFile; fileRef = 4D5E322F26DE909B004A7724 /* Assets.xcassets */; };
		4D5E323326DE909B004A7724 /* LaunchScreen.storyboard in Resources */ = {isa = PBXBuildFile; fileRef = 4D5E323126DE909B004A7724 /* LaunchScreen.storyboard */; };
		4D5E323B26DE99AE004A7724 /* MovieListViewController.swift in Sources */ = {isa = PBXBuildFile; fileRef = 4D5E323A26DE99AE004A7724 /* MovieListViewController.swift */; };
		4D5E323F26DE9CA7004A7724 /* MovieType.swift in Sources */ = {isa = PBXBuildFile; fileRef = 4D5E323E26DE9CA7004A7724 /* MovieType.swift */; };
		4D5E324226DEAA36004A7724 /* NetworkManager.swift in Sources */ = {isa = PBXBuildFile; fileRef = 4D5E324126DEAA36004A7724 /* NetworkManager.swift */; };
		4D5E324826DEB46F004A7724 /* FilmCollectionViewCell.swift in Sources */ = {isa = PBXBuildFile; fileRef = 4D5E324626DEB46F004A7724 /* FilmCollectionViewCell.swift */; };
		4D5E324926DEB46F004A7724 /* FilmCollectionViewCell.xib in Resources */ = {isa = PBXBuildFile; fileRef = 4D5E324726DEB46F004A7724 /* FilmCollectionViewCell.xib */; };
		4D5E324C26DEB47E004A7724 /* SerialCollectionViewCell.swift in Sources */ = {isa = PBXBuildFile; fileRef = 4D5E324A26DEB47E004A7724 /* SerialCollectionViewCell.swift */; };
		4D5E324D26DEB47E004A7724 /* SerialCollectionViewCell.xib in Resources */ = {isa = PBXBuildFile; fileRef = 4D5E324B26DEB47E004A7724 /* SerialCollectionViewCell.xib */; };
		4D5E325026DECCE7004A7724 /* extension UIIMageView.swift in Sources */ = {isa = PBXBuildFile; fileRef = 4D5E324F26DECCE7004A7724 /* extension UIIMageView.swift */; };
		4D5E325226DECD07004A7724 /* ImageService.swift in Sources */ = {isa = PBXBuildFile; fileRef = 4D5E325126DECD07004A7724 /* ImageService.swift */; };
		4D5E325426DECD92004A7724 /* DataManager.swift in Sources */ = {isa = PBXBuildFile; fileRef = 4D5E325326DECD92004A7724 /* DataManager.swift */; };
		4D5E325726DECDDB004A7724 /* enum.swift in Sources */ = {isa = PBXBuildFile; fileRef = 4D5E325626DECDDB004A7724 /* enum.swift */; };
		4D5E325926DECEC5004A7724 /* MovieListModel.swift in Sources */ = {isa = PBXBuildFile; fileRef = 4D5E325826DECEC5004A7724 /* MovieListModel.swift */; };
		4D5E325C26DED007004A7724 /* FilmModel.swift in Sources */ = {isa = PBXBuildFile; fileRef = 4D5E325B26DED007004A7724 /* FilmModel.swift */; };
		4D5E325E26DED017004A7724 /* SerialModel.swift in Sources */ = {isa = PBXBuildFile; fileRef = 4D5E325D26DED017004A7724 /* SerialModel.swift */; };
		4D5E326226DF8127004A7724 /* extension Date.swift in Sources */ = {isa = PBXBuildFile; fileRef = 4D5E326126DF8127004A7724 /* extension Date.swift */; };
/* End PBXBuildFile section */

/* Begin PBXFileReference section */
		4D5E322326DE9099004A7724 /* FilmApp.app */ = {isa = PBXFileReference; explicitFileType = wrapper.application; includeInIndex = 0; path = FilmApp.app; sourceTree = BUILT_PRODUCTS_DIR; };
		4D5E322626DE9099004A7724 /* AppDelegate.swift */ = {isa = PBXFileReference; lastKnownFileType = sourcecode.swift; path = AppDelegate.swift; sourceTree = "<group>"; };
		4D5E322826DE9099004A7724 /* SceneDelegate.swift */ = {isa = PBXFileReference; lastKnownFileType = sourcecode.swift; path = SceneDelegate.swift; sourceTree = "<group>"; };
		4D5E322D26DE9099004A7724 /* Base */ = {isa = PBXFileReference; lastKnownFileType = file.storyboard; name = Base; path = Base.lproj/Main.storyboard; sourceTree = "<group>"; };
		4D5E322F26DE909B004A7724 /* Assets.xcassets */ = {isa = PBXFileReference; lastKnownFileType = folder.assetcatalog; path = Assets.xcassets; sourceTree = "<group>"; };
		4D5E323226DE909B004A7724 /* Base */ = {isa = PBXFileReference; lastKnownFileType = file.storyboard; name = Base; path = Base.lproj/LaunchScreen.storyboard; sourceTree = "<group>"; };
		4D5E323426DE909B004A7724 /* Info.plist */ = {isa = PBXFileReference; lastKnownFileType = text.plist.xml; path = Info.plist; sourceTree = "<group>"; };
		4D5E323A26DE99AE004A7724 /* MovieListViewController.swift */ = {isa = PBXFileReference; lastKnownFileType = sourcecode.swift; path = MovieListViewController.swift; sourceTree = "<group>"; };
		4D5E323E26DE9CA7004A7724 /* MovieType.swift */ = {isa = PBXFileReference; lastKnownFileType = sourcecode.swift; path = MovieType.swift; sourceTree = "<group>"; };
		4D5E324126DEAA36004A7724 /* NetworkManager.swift */ = {isa = PBXFileReference; lastKnownFileType = sourcecode.swift; path = NetworkManager.swift; sourceTree = "<group>"; };
		4D5E324626DEB46F004A7724 /* FilmCollectionViewCell.swift */ = {isa = PBXFileReference; lastKnownFileType = sourcecode.swift; path = FilmCollectionViewCell.swift; sourceTree = "<group>"; };
		4D5E324726DEB46F004A7724 /* FilmCollectionViewCell.xib */ = {isa = PBXFileReference; lastKnownFileType = file.xib; path = FilmCollectionViewCell.xib; sourceTree = "<group>"; };
		4D5E324A26DEB47E004A7724 /* SerialCollectionViewCell.swift */ = {isa = PBXFileReference; lastKnownFileType = sourcecode.swift; path = SerialCollectionViewCell.swift; sourceTree = "<group>"; };
		4D5E324B26DEB47E004A7724 /* SerialCollectionViewCell.xib */ = {isa = PBXFileReference; lastKnownFileType = file.xib; path = SerialCollectionViewCell.xib; sourceTree = "<group>"; };
		4D5E324F26DECCE7004A7724 /* extension UIIMageView.swift */ = {isa = PBXFileReference; lastKnownFileType = sourcecode.swift; path = "extension UIIMageView.swift"; sourceTree = "<group>"; };
		4D5E325126DECD07004A7724 /* ImageService.swift */ = {isa = PBXFileReference; lastKnownFileType = sourcecode.swift; path = ImageService.swift; sourceTree = "<group>"; };
		4D5E325326DECD92004A7724 /* DataManager.swift */ = {isa = PBXFileReference; lastKnownFileType = sourcecode.swift; path = DataManager.swift; sourceTree = "<group>"; };
		4D5E325626DECDDB004A7724 /* enum.swift */ = {isa = PBXFileReference; lastKnownFileType = sourcecode.swift; path = enum.swift; sourceTree = "<group>"; };
		4D5E325826DECEC5004A7724 /* MovieListModel.swift */ = {isa = PBXFileReference; lastKnownFileType = sourcecode.swift; path = MovieListModel.swift; sourceTree = "<group>"; };
		4D5E325B26DED007004A7724 /* FilmModel.swift */ = {isa = PBXFileReference; lastKnownFileType = sourcecode.swift; path = FilmModel.swift; sourceTree = "<group>"; };
		4D5E325D26DED017004A7724 /* SerialModel.swift */ = {isa = PBXFileReference; lastKnownFileType = sourcecode.swift; path = SerialModel.swift; sourceTree = "<group>"; };
		4D5E326126DF8127004A7724 /* extension Date.swift */ = {isa = PBXFileReference; lastKnownFileType = sourcecode.swift; path = "extension Date.swift"; sourceTree = "<group>"; };
/* End PBXFileReference section */

/* Begin PBXFrameworksBuildPhase section */
		4D5E322026DE9099004A7724 /* Frameworks */ = {
			isa = PBXFrameworksBuildPhase;
			buildActionMask = 2147483647;
			files = (
			);
			runOnlyForDeploymentPostprocessing = 0;
		};
/* End PBXFrameworksBuildPhase section */

/* Begin PBXGroup section */
		4D5E321A26DE9099004A7724 = {
			isa = PBXGroup;
			children = (
				4D5E322526DE9099004A7724 /* FilmApp */,
				4D5E322426DE9099004A7724 /* Products */,
			);
			sourceTree = "<group>";
		};
		4D5E322426DE9099004A7724 /* Products */ = {
			isa = PBXGroup;
			children = (
				4D5E322326DE9099004A7724 /* FilmApp.app */,
			);
			name = Products;
			sourceTree = "<group>";
		};
		4D5E322526DE9099004A7724 /* FilmApp */ = {
			isa = PBXGroup;
			children = (
				4D5E322626DE9099004A7724 /* AppDelegate.swift */,
				4D5E322826DE9099004A7724 /* SceneDelegate.swift */,
				4D5E322C26DE9099004A7724 /* Main.storyboard */,
				4D5E325526DECDCE004A7724 /* enum */,
				4D5E324E26DECCC8004A7724 /* extension */,
				4D5E324026DEAA22004A7724 /* Managers */,
				4D5E323D26DE9C83004A7724 /* Model */,
				4D5E323C26DE9C33004A7724 /* Controllers */,
				4D5E322F26DE909B004A7724 /* Assets.xcassets */,
				4D5E323126DE909B004A7724 /* LaunchScreen.storyboard */,
				4D5E323426DE909B004A7724 /* Info.plist */,
			);
			path = FilmApp;
			sourceTree = "<group>";
		};
		4D5E323C26DE9C33004A7724 /* Controllers */ = {
			isa = PBXGroup;
			children = (
				4D5E324326DEB42E004A7724 /* MovieVC */,
			);
			path = Controllers;
			sourceTree = "<group>";
		};
		4D5E323D26DE9C83004A7724 /* Model */ = {
			isa = PBXGroup;
			children = (
				4D5E323E26DE9CA7004A7724 /* MovieType.swift */,
			);
			path = Model;
			sourceTree = "<group>";
		};
		4D5E324026DEAA22004A7724 /* Managers */ = {
			isa = PBXGroup;
			children = (
				4D5E324126DEAA36004A7724 /* NetworkManager.swift */,
				4D5E325126DECD07004A7724 /* ImageService.swift */,
				4D5E325326DECD92004A7724 /* DataManager.swift */,
			);
			path = Managers;
			sourceTree = "<group>";
		};
		4D5E324326DEB42E004A7724 /* MovieVC */ = {
			isa = PBXGroup;
			children = (
				4D5E323A26DE99AE004A7724 /* MovieListViewController.swift */,
				4D5E325826DECEC5004A7724 /* MovieListModel.swift */,
				4D5E325A26DECECA004A7724 /* Cell */,
			);
			path = MovieVC;
			sourceTree = "<group>";
		};
		4D5E324E26DECCC8004A7724 /* extension */ = {
			isa = PBXGroup;
			children = (
				4D5E324F26DECCE7004A7724 /* extension UIIMageView.swift */,
				4D5E326126DF8127004A7724 /* extension Date.swift */,
			);
			path = extension;
			sourceTree = "<group>";
		};
		4D5E325526DECDCE004A7724 /* enum */ = {
			isa = PBXGroup;
			children = (
				4D5E325626DECDDB004A7724 /* enum.swift */,
			);
			path = enum;
			sourceTree = "<group>";
		};
		4D5E325A26DECECA004A7724 /* Cell */ = {
			isa = PBXGroup;
			children = (
				4D5E324626DEB46F004A7724 /* FilmCollectionViewCell.swift */,
				4D5E325B26DED007004A7724 /* FilmModel.swift */,
				4D5E324726DEB46F004A7724 /* FilmCollectionViewCell.xib */,
				4D5E324A26DEB47E004A7724 /* SerialCollectionViewCell.swift */,
				4D5E325D26DED017004A7724 /* SerialModel.swift */,
				4D5E324B26DEB47E004A7724 /* SerialCollectionViewCell.xib */,
			);
			path = Cell;
			sourceTree = "<group>";
		};
/* End PBXGroup section */

/* Begin PBXNativeTarget section */
		4D5E322226DE9099004A7724 /* FilmApp */ = {
			isa = PBXNativeTarget;
			buildConfigurationList = 4D5E323726DE909B004A7724 /* Build configuration list for PBXNativeTarget "FilmApp" */;
			buildPhases = (
				4D5E321F26DE9099004A7724 /* Sources */,
				4D5E322026DE9099004A7724 /* Frameworks */,
				4D5E322126DE9099004A7724 /* Resources */,
			);
			buildRules = (
			);
			dependencies = (
			);
			name = FilmApp;
			productName = FilmApp;
			productReference = 4D5E322326DE9099004A7724 /* FilmApp.app */;
			productType = "com.apple.product-type.application";
		};
/* End PBXNativeTarget section */

/* Begin PBXProject section */
		4D5E321B26DE9099004A7724 /* Project object */ = {
			isa = PBXProject;
			attributes = {
				LastSwiftUpdateCheck = 1250;
				LastUpgradeCheck = 1250;
				TargetAttributes = {
					4D5E322226DE9099004A7724 = {
						CreatedOnToolsVersion = 12.5.1;
					};
				};
			};
			buildConfigurationList = 4D5E321E26DE9099004A7724 /* Build configuration list for PBXProject "FilmApp" */;
			compatibilityVersion = "Xcode 9.3";
			developmentRegion = en;
			hasScannedForEncodings = 0;
			knownRegions = (
				en,
				Base,
			);
			mainGroup = 4D5E321A26DE9099004A7724;
			productRefGroup = 4D5E322426DE9099004A7724 /* Products */;
			projectDirPath = "";
			projectRoot = "";
			targets = (
				4D5E322226DE9099004A7724 /* FilmApp */,
			);
		};
/* End PBXProject section */

/* Begin PBXResourcesBuildPhase section */
		4D5E322126DE9099004A7724 /* Resources */ = {
			isa = PBXResourcesBuildPhase;
			buildActionMask = 2147483647;
			files = (
				4D5E323326DE909B004A7724 /* LaunchScreen.storyboard in Resources */,
				4D5E323026DE909B004A7724 /* Assets.xcassets in Resources */,
				4D5E324926DEB46F004A7724 /* FilmCollectionViewCell.xib in Resources */,
				4D5E324D26DEB47E004A7724 /* SerialCollectionViewCell.xib in Resources */,
				4D5E322E26DE9099004A7724 /* Main.storyboard in Resources */,
			);
			runOnlyForDeploymentPostprocessing = 0;
		};
/* End PBXResourcesBuildPhase section */

/* Begin PBXSourcesBuildPhase section */
		4D5E321F26DE9099004A7724 /* Sources */ = {
			isa = PBXSourcesBuildPhase;
			buildActionMask = 2147483647;
			files = (
				4D5E325926DECEC5004A7724 /* MovieListModel.swift in Sources */,
				4D5E324826DEB46F004A7724 /* FilmCollectionViewCell.swift in Sources */,
				4D5E325426DECD92004A7724 /* DataManager.swift in Sources */,
				4D5E325C26DED007004A7724 /* FilmModel.swift in Sources */,
				4D5E323F26DE9CA7004A7724 /* MovieType.swift in Sources */,
				4D5E325E26DED017004A7724 /* SerialModel.swift in Sources */,
				4D5E325726DECDDB004A7724 /* enum.swift in Sources */,
				4D5E325226DECD07004A7724 /* ImageService.swift in Sources */,
				4D5E323B26DE99AE004A7724 /* MovieListViewController.swift in Sources */,
				4D5E324C26DEB47E004A7724 /* SerialCollectionViewCell.swift in Sources */,
				4D5E324226DEAA36004A7724 /* NetworkManager.swift in Sources */,
				4D5E322726DE9099004A7724 /* AppDelegate.swift in Sources */,
				4D5E322926DE9099004A7724 /* SceneDelegate.swift in Sources */,
				4D5E325026DECCE7004A7724 /* extension UIIMageView.swift in Sources */,
				4D5E326226DF8127004A7724 /* extension Date.swift in Sources */,
			);
			runOnlyForDeploymentPostprocessing = 0;
		};
/* End PBXSourcesBuildPhase section */

/* Begin PBXVariantGroup section */
		4D5E322C26DE9099004A7724 /* Main.storyboard */ = {
			isa = PBXVariantGroup;
			children = (
				4D5E322D26DE9099004A7724 /* Base */,
			);
			name = Main.storyboard;
			sourceTree = "<group>";
		};
		4D5E323126DE909B004A7724 /* LaunchScreen.storyboard */ = {
			isa = PBXVariantGroup;
			children = (
				4D5E323226DE909B004A7724 /* Base */,
			);
			name = LaunchScreen.storyboard;
			sourceTree = "<group>";
		};
/* End PBXVariantGroup section */

/* Begin XCBuildConfiguration section */
		4D5E323526DE909B004A7724 /* Debug */ = {
			isa = XCBuildConfiguration;
			buildSettings = {
				ALWAYS_SEARCH_USER_PATHS = NO;
				CLANG_ANALYZER_NONNULL = YES;
				CLANG_ANALYZER_NUMBER_OBJECT_CONVERSION = YES_AGGRESSIVE;
				CLANG_CXX_LANGUAGE_STANDARD = "gnu++14";
				CLANG_CXX_LIBRARY = "libc++";
				CLANG_ENABLE_MODULES = YES;
				CLANG_ENABLE_OBJC_ARC = YES;
				CLANG_ENABLE_OBJC_WEAK = YES;
				CLANG_WARN_BLOCK_CAPTURE_AUTORELEASING = YES;
				CLANG_WARN_BOOL_CONVERSION = YES;
				CLANG_WARN_COMMA = YES;
				CLANG_WARN_CONSTANT_CONVERSION = YES;
				CLANG_WARN_DEPRECATED_OBJC_IMPLEMENTATIONS = YES;
				CLANG_WARN_DIRECT_OBJC_ISA_USAGE = YES_ERROR;
				CLANG_WARN_DOCUMENTATION_COMMENTS = YES;
				CLANG_WARN_EMPTY_BODY = YES;
				CLANG_WARN_ENUM_CONVERSION = YES;
				CLANG_WARN_INFINITE_RECURSION = YES;
				CLANG_WARN_INT_CONVERSION = YES;
				CLANG_WARN_NON_LITERAL_NULL_CONVERSION = YES;
				CLANG_WARN_OBJC_IMPLICIT_RETAIN_SELF = YES;
				CLANG_WARN_OBJC_LITERAL_CONVERSION = YES;
				CLANG_WARN_OBJC_ROOT_CLASS = YES_ERROR;
				CLANG_WARN_QUOTED_INCLUDE_IN_FRAMEWORK_HEADER = YES;
				CLANG_WARN_RANGE_LOOP_ANALYSIS = YES;
				CLANG_WARN_STRICT_PROTOTYPES = YES;
				CLANG_WARN_SUSPICIOUS_MOVE = YES;
				CLANG_WARN_UNGUARDED_AVAILABILITY = YES_AGGRESSIVE;
				CLANG_WARN_UNREACHABLE_CODE = YES;
				CLANG_WARN__DUPLICATE_METHOD_MATCH = YES;
				COPY_PHASE_STRIP = NO;
				DEBUG_INFORMATION_FORMAT = dwarf;
				ENABLE_STRICT_OBJC_MSGSEND = YES;
				ENABLE_TESTABILITY = YES;
				GCC_C_LANGUAGE_STANDARD = gnu11;
				GCC_DYNAMIC_NO_PIC = NO;
				GCC_NO_COMMON_BLOCKS = YES;
				GCC_OPTIMIZATION_LEVEL = 0;
				GCC_PREPROCESSOR_DEFINITIONS = (
					"DEBUG=1",
					"$(inherited)",
				);
				GCC_WARN_64_TO_32_BIT_CONVERSION = YES;
				GCC_WARN_ABOUT_RETURN_TYPE = YES_ERROR;
				GCC_WARN_UNDECLARED_SELECTOR = YES;
				GCC_WARN_UNINITIALIZED_AUTOS = YES_AGGRESSIVE;
				GCC_WARN_UNUSED_FUNCTION = YES;
				GCC_WARN_UNUSED_VARIABLE = YES;
				IPHONEOS_DEPLOYMENT_TARGET = 14.5;
				MTL_ENABLE_DEBUG_INFO = INCLUDE_SOURCE;
				MTL_FAST_MATH = YES;
				ONLY_ACTIVE_ARCH = YES;
				SDKROOT = iphoneos;
				SWIFT_ACTIVE_COMPILATION_CONDITIONS = DEBUG;
				SWIFT_OPTIMIZATION_LEVEL = "-Onone";
			};
			name = Debug;
		};
		4D5E323626DE909B004A7724 /* Release */ = {
			isa = XCBuildConfiguration;
			buildSettings = {
				ALWAYS_SEARCH_USER_PATHS = NO;
				CLANG_ANALYZER_NONNULL = YES;
				CLANG_ANALYZER_NUMBER_OBJECT_CONVERSION = YES_AGGRESSIVE;
				CLANG_CXX_LANGUAGE_STANDARD = "gnu++14";
				CLANG_CXX_LIBRARY = "libc++";
				CLANG_ENABLE_MODULES = YES;
				CLANG_ENABLE_OBJC_ARC = YES;
				CLANG_ENABLE_OBJC_WEAK = YES;
				CLANG_WARN_BLOCK_CAPTURE_AUTORELEASING = YES;
				CLANG_WARN_BOOL_CONVERSION = YES;
				CLANG_WARN_COMMA = YES;
				CLANG_WARN_CONSTANT_CONVERSION = YES;
				CLANG_WARN_DEPRECATED_OBJC_IMPLEMENTATIONS = YES;
				CLANG_WARN_DIRECT_OBJC_ISA_USAGE = YES_ERROR;
				CLANG_WARN_DOCUMENTATION_COMMENTS = YES;
				CLANG_WARN_EMPTY_BODY = YES;
				CLANG_WARN_ENUM_CONVERSION = YES;
				CLANG_WARN_INFINITE_RECURSION = YES;
				CLANG_WARN_INT_CONVERSION = YES;
				CLANG_WARN_NON_LITERAL_NULL_CONVERSION = YES;
				CLANG_WARN_OBJC_IMPLICIT_RETAIN_SELF = YES;
				CLANG_WARN_OBJC_LITERAL_CONVERSION = YES;
				CLANG_WARN_OBJC_ROOT_CLASS = YES_ERROR;
				CLANG_WARN_QUOTED_INCLUDE_IN_FRAMEWORK_HEADER = YES;
				CLANG_WARN_RANGE_LOOP_ANALYSIS = YES;
				CLANG_WARN_STRICT_PROTOTYPES = YES;
				CLANG_WARN_SUSPICIOUS_MOVE = YES;
				CLANG_WARN_UNGUARDED_AVAILABILITY = YES_AGGRESSIVE;
				CLANG_WARN_UNREACHABLE_CODE = YES;
				CLANG_WARN__DUPLICATE_METHOD_MATCH = YES;
				COPY_PHASE_STRIP = NO;
				DEBUG_INFORMATION_FORMAT = "dwarf-with-dsym";
				ENABLE_NS_ASSERTIONS = NO;
				ENABLE_STRICT_OBJC_MSGSEND = YES;
				GCC_C_LANGUAGE_STANDARD = gnu11;
				GCC_NO_COMMON_BLOCKS = YES;
				GCC_WARN_64_TO_32_BIT_CONVERSION = YES;
				GCC_WARN_ABOUT_RETURN_TYPE = YES_ERROR;
				GCC_WARN_UNDECLARED_SELECTOR = YES;
				GCC_WARN_UNINITIALIZED_AUTOS = YES_AGGRESSIVE;
				GCC_WARN_UNUSED_FUNCTION = YES;
				GCC_WARN_UNUSED_VARIABLE = YES;
				IPHONEOS_DEPLOYMENT_TARGET = 14.5;
				MTL_ENABLE_DEBUG_INFO = NO;
				MTL_FAST_MATH = YES;
				SDKROOT = iphoneos;
				SWIFT_COMPILATION_MODE = wholemodule;
				SWIFT_OPTIMIZATION_LEVEL = "-O";
				VALIDATE_PRODUCT = YES;
			};
			name = Release;
		};
		4D5E323826DE909B004A7724 /* Debug */ = {
			isa = XCBuildConfiguration;
			buildSettings = {
				ASSETCATALOG_COMPILER_APPICON_NAME = AppIcon;
				ASSETCATALOG_COMPILER_GLOBAL_ACCENT_COLOR_NAME = AccentColor;
				CODE_SIGN_STYLE = Automatic;
				INFOPLIST_FILE = FilmApp/Info.plist;
				LD_RUNPATH_SEARCH_PATHS = (
					"$(inherited)",
					"@executable_path/Frameworks",
				);
				PRODUCT_BUNDLE_IDENTIFIER = p.FilmApp;
				PRODUCT_NAME = "$(TARGET_NAME)";
				SWIFT_VERSION = 5.0;
				TARGETED_DEVICE_FAMILY = "1,2";
			};
			name = Debug;
		};
		4D5E323926DE909B004A7724 /* Release */ = {
			isa = XCBuildConfiguration;
			buildSettings = {
				ASSETCATALOG_COMPILER_APPICON_NAME = AppIcon;
				ASSETCATALOG_COMPILER_GLOBAL_ACCENT_COLOR_NAME = AccentColor;
				CODE_SIGN_STYLE = Automatic;
				INFOPLIST_FILE = FilmApp/Info.plist;
				LD_RUNPATH_SEARCH_PATHS = (
					"$(inherited)",
					"@executable_path/Frameworks",
				);
				PRODUCT_BUNDLE_IDENTIFIER = p.FilmApp;
				PRODUCT_NAME = "$(TARGET_NAME)";
				SWIFT_VERSION = 5.0;
				TARGETED_DEVICE_FAMILY = "1,2";
			};
			name = Release;
		};
/* End XCBuildConfiguration section */

/* Begin XCConfigurationList section */
		4D5E321E26DE9099004A7724 /* Build configuration list for PBXProject "FilmApp" */ = {
			isa = XCConfigurationList;
			buildConfigurations = (
				4D5E323526DE909B004A7724 /* Debug */,
				4D5E323626DE909B004A7724 /* Release */,
			);
			defaultConfigurationIsVisible = 0;
			defaultConfigurationName = Release;
		};
		4D5E323726DE909B004A7724 /* Build configuration list for PBXNativeTarget "FilmApp" */ = {
			isa = XCConfigurationList;
			buildConfigurations = (
				4D5E323826DE909B004A7724 /* Debug */,
				4D5E323926DE909B004A7724 /* Release */,
			);
			defaultConfigurationIsVisible = 0;
			defaultConfigurationName = Release;
		};
/* End XCConfigurationList section */
	};
	rootObject = 4D5E321B26DE9099004A7724 /* Project object */;
}
